
Microsoft Visual Studio Solution File, Format Version 11.00
# Visual Studio 2010
VisualStudioVersion = 12.0.21005.1
MinimumVisualStudioVersion = 10.0.40219.1
Project("{FAE04EC0-301F-11D3-BF4B-00C04F79EFBC}") = "Fisherman.DomainModel", "Fisherman.DomainModel\Fisherman.DomainModel.csproj", "{C731AA6A-C70D-44AD-85BC-22F529469C62}"
EndProject
Project("{FAE04EC0-301F-11D3-BF4B-00C04F79EFBC}") = "Fisherman.Forms", "Fisherman.View\Fisherman.Forms.csproj", "{55FED93A-984B-496A-AB5F-35AB19E3DFFA}"
EndProject
Project("{FAE04EC0-301F-11D3-BF4B-00C04F79EFBC}") = "Fisherman.Presenters", "Fisherman.Controllers\Fisherman.Presenters.csproj", "{0C3B1C62-4BC7-4279-9350-A6930DFE2EC5}"
EndProject
Project("{FAE04EC0-301F-11D3-BF4B-00C04F79EFBC}") = "Fisherman.AppStarter", "Fisherman.AppStarter\Fisherman.AppStarter.csproj", "{863D55EF-92EB-4F52-A1E2-C43DBE2A80AF}"
EndProject
Project("{FAE04EC0-301F-11D3-BF4B-00C04F79EFBC}") = "Fisherman.BaseLibrary", "Fisherman.BaseLibrary\Fisherman.BaseLibrary.csproj", "{ADBA833A-D49B-499E-92FE-2BC6BE21A6B1}"
EndProject
Project("{FAE04EC0-301F-11D3-BF4B-00C04F79EFBC}") = "Fisherman.Tests", "Fisherman.Tests\Fisherman.Tests.csproj", "{E7CC7D17-1281-435B-87B1-3236F283F6E1}"
EndProject
Global
	GlobalSection(SolutionConfigurationPlatforms) = preSolution
		Debug|Any CPU = Debug|Any CPU
		Release|Any CPU = Release|Any CPU
	EndGlobalSection
	GlobalSection(ProjectConfigurationPlatforms) = postSolution
		{C731AA6A-C70D-44AD-85BC-22F529469C62}.Debug|Any CPU.ActiveCfg = Debug|Any CPU
		{C731AA6A-C70D-44AD-85BC-22F529469C62}.Debug|Any CPU.Build.0 = Debug|Any CPU
		{C731AA6A-C70D-44AD-85BC-22F529469C62}.Release|Any CPU.ActiveCfg = Release|Any CPU
		{C731AA6A-C70D-44AD-85BC-22F529469C62}.Release|Any CPU.Build.0 = Release|Any CPU
		{55FED93A-984B-496A-AB5F-35AB19E3DFFA}.Debug|Any CPU.ActiveCfg = Debug|Any CPU
		{55FED93A-984B-496A-AB5F-35AB19E3DFFA}.Debug|Any CPU.Build.0 = Debug|Any CPU
		{55FED93A-984B-496A-AB5F-35AB19E3DFFA}.Release|Any CPU.ActiveCfg = Release|Any CPU
		{55FED93A-984B-496A-AB5F-35AB19E3DFFA}.Release|Any CPU.Build.0 = Release|Any CPU
		{0C3B1C62-4BC7-4279-9350-A6930DFE2EC5}.Debug|Any CPU.ActiveCfg = Debug|Any CPU
		{0C3B1C62-4BC7-4279-9350-A6930DFE2EC5}.Debug|Any CPU.Build.0 = Debug|Any CPU
		{0C3B1C62-4BC7-4279-9350-A6930DFE2EC5}.Release|Any CPU.ActiveCfg = Release|Any CPU
		{0C3B1C62-4BC7-4279-9350-A6930DFE2EC5}.Release|Any CPU.Build.0 = Release|Any CPU
		{863D55EF-92EB-4F52-A1E2-C43DBE2A80AF}.Debug|Any CPU.ActiveCfg = Debug|Any CPU
		{863D55EF-92EB-4F52-A1E2-C43DBE2A80AF}.Debug|Any CPU.Build.0 = Debug|Any CPU
		{863D55EF-92EB-4F52-A1E2-C43DBE2A80AF}.Release|Any CPU.ActiveCfg = Release|Any CPU
		{863D55EF-92EB-4F52-A1E2-C43DBE2A80AF}.Release|Any CPU.Build.0 = Release|Any CPU
		{ADBA833A-D49B-499E-92FE-2BC6BE21A6B1}.Debug|Any CPU.ActiveCfg = Debug|Any CPU
		{ADBA833A-D49B-499E-92FE-2BC6BE21A6B1}.Debug|Any CPU.Build.0 = Debug|Any CPU
		{ADBA833A-D49B-499E-92FE-2BC6BE21A6B1}.Release|Any CPU.ActiveCfg = Release|Any CPU
		{ADBA833A-D49B-499E-92FE-2BC6BE21A6B1}.Release|Any CPU.Build.0 = Release|Any CPU
		{E7CC7D17-1281-435B-87B1-3236F283F6E1}.Debug|Any CPU.ActiveCfg = Debug|Any CPU
		{E7CC7D17-1281-435B-87B1-3236F283F6E1}.Debug|Any CPU.Build.0 = Debug|Any CPU
		{E7CC7D17-1281-435B-87B1-3236F283F6E1}.Release|Any CPU.ActiveCfg = Release|Any CPU
		{E7CC7D17-1281-435B-87B1-3236F283F6E1}.Release|Any CPU.Build.0 = Release|Any CPU
	EndGlobalSection
	GlobalSection(SolutionProperties) = preSolution
		HideSolutionNode = FALSE
	EndGlobalSection
EndGlobal
